
Microsoft Visual Studio Solution File, Format Version 12.00
Project("{FAE04EC0-301F-11D3-BF4B-00C04F79EFBC}") = "MusicDownloader", "MusicDownloader\MusicDownloader.csproj", "{B1361C69-815A-4B09-B956-A10E6276F2EB}"
EndProject
Global
	GlobalSection(SolutionConfigurationPlatforms) = preSolution
		Debug|Any CPU = Debug|Any CPU
		Release|Any CPU = Release|Any CPU
	EndGlobalSection
	GlobalSection(ProjectConfigurationPlatforms) = postSolution
		{B1361C69-815A-4B09-B956-A10E6276F2EB}.Debug|Any CPU.ActiveCfg = Debug|Any CPU
		{B1361C69-815A-4B09-B956-A10E6276F2EB}.Debug|Any CPU.Build.0 = Debug|Any CPU
		{B1361C69-815A-4B09-B956-A10E6276F2EB}.Release|Any CPU.ActiveCfg = Release|Any CPU
		{B1361C69-815A-4B09-B956-A10E6276F2EB}.Release|Any CPU.Build.0 = Release|Any CPU
	EndGlobalSection
EndGlobal
